
Microsoft Visual Studio Solution File, Format Version 12.00
# Visual Studio Version 17
VisualStudioVersion = 17.3.32929.385
MinimumVisualStudioVersion = 10.0.40219.1
Project("{9A19103F-16F7-4668-BE54-9A1E7A4F7556}") = "ElasticCollection", "EllasticCollection\ElasticCollection.csproj", "{F26FFEDF-1450-4D8B-A0BE-FFC8F4F6277A}"
EndProject
Project("{9A19103F-16F7-4668-BE54-9A1E7A4F7556}") = "RunnerCollection", "RunnerCollection\RunnerCollection.csproj", "{A73F4754-75EB-4B7A-B882-555ED285C6E1}"
EndProject
Global
	GlobalSection(SolutionConfigurationPlatforms) = preSolution
		Debug|Any CPU = Debug|Any CPU
		Release|Any CPU = Release|Any CPU
	EndGlobalSection
	GlobalSection(ProjectConfigurationPlatforms) = postSolution
		{F26FFEDF-1450-4D8B-A0BE-FFC8F4F6277A}.Debug|Any CPU.ActiveCfg = Debug|Any CPU
		{F26FFEDF-1450-4D8B-A0BE-FFC8F4F6277A}.Debug|Any CPU.Build.0 = Debug|Any CPU
		{F26FFEDF-1450-4D8B-A0BE-FFC8F4F6277A}.Release|Any CPU.ActiveCfg = Release|Any CPU
		{F26FFEDF-1450-4D8B-A0BE-FFC8F4F6277A}.Release|Any CPU.Build.0 = Release|Any CPU
		{A73F4754-75EB-4B7A-B882-555ED285C6E1}.Debug|Any CPU.ActiveCfg = Debug|Any CPU
		{A73F4754-75EB-4B7A-B882-555ED285C6E1}.Debug|Any CPU.Build.0 = Debug|Any CPU
		{A73F4754-75EB-4B7A-B882-555ED285C6E1}.Release|Any CPU.ActiveCfg = Release|Any CPU
		{A73F4754-75EB-4B7A-B882-555ED285C6E1}.Release|Any CPU.Build.0 = Release|Any CPU
	EndGlobalSection
	GlobalSection(SolutionProperties) = preSolution
		HideSolutionNode = FALSE
	EndGlobalSection
	GlobalSection(ExtensibilityGlobals) = postSolution
		SolutionGuid = {880F898F-D512-460B-89EA-33888CE8A4BD}
	EndGlobalSection
EndGlobal
